
Microsoft Visual Studio Solution File, Format Version 12.00
# Visual Studio Version 17
VisualStudioVersion = 17.2.32516.85
MinimumVisualStudioVersion = 10.0.40219.1
Project("{FAE04EC0-301F-11D3-BF4B-00C04F79EFBC}") = "WinFormsApp1", "WinFormsApp1\WinFormsApp1.csproj", "{FFC88BE9-E210-49A8-B4F9-651C0F936958}"
EndProject
Global
	GlobalSection(SolutionConfigurationPlatforms) = preSolution
		Debug|Any CPU = Debug|Any CPU
		Release|Any CPU = Release|Any CPU
	EndGlobalSection
	GlobalSection(ProjectConfigurationPlatforms) = postSolution
		{FFC88BE9-E210-49A8-B4F9-651C0F936958}.Debug|Any CPU.ActiveCfg = Debug|Any CPU
		{FFC88BE9-E210-49A8-B4F9-651C0F936958}.Debug|Any CPU.Build.0 = Debug|Any CPU
		{FFC88BE9-E210-49A8-B4F9-651C0F936958}.Release|Any CPU.ActiveCfg = Release|Any CPU
		{FFC88BE9-E210-49A8-B4F9-651C0F936958}.Release|Any CPU.Build.0 = Release|Any CPU
	EndGlobalSection
	GlobalSection(SolutionProperties) = preSolution
		HideSolutionNode = FALSE
	EndGlobalSection
	GlobalSection(ExtensibilityGlobals) = postSolution
		SolutionGuid = {5A4B9F08-A9BE-42D3-8979-A4571646C135}
	EndGlobalSection
EndGlobal
